
Microsoft Visual Studio Solution File, Format Version 12.00
# Visual Studio 15
VisualStudioVersion = 15.0.27130.2036
MinimumVisualStudioVersion = 10.0.40219.1
Project("{FAE04EC0-301F-11D3-BF4B-00C04F79EFBC}") = "ListIterateProgram", "ListIterateProgram\ListIterateProgram.csproj", "{C0C7B32A-063D-4D61-9C69-307B49E516DE}"
EndProject
Global
	GlobalSection(SolutionConfigurationPlatforms) = preSolution
		Debug|Any CPU = Debug|Any CPU
		Release|Any CPU = Release|Any CPU
	EndGlobalSection
	GlobalSection(ProjectConfigurationPlatforms) = postSolution
		{C0C7B32A-063D-4D61-9C69-307B49E516DE}.Debug|Any CPU.ActiveCfg = Debug|Any CPU
		{C0C7B32A-063D-4D61-9C69-307B49E516DE}.Debug|Any CPU.Build.0 = Debug|Any CPU
		{C0C7B32A-063D-4D61-9C69-307B49E516DE}.Release|Any CPU.ActiveCfg = Release|Any CPU
		{C0C7B32A-063D-4D61-9C69-307B49E516DE}.Release|Any CPU.Build.0 = Release|Any CPU
	EndGlobalSection
	GlobalSection(SolutionProperties) = preSolution
		HideSolutionNode = FALSE
	EndGlobalSection
	GlobalSection(ExtensibilityGlobals) = postSolution
		SolutionGuid = {396D3D2B-DBE8-4C06-8451-ED78A59965C5}
	EndGlobalSection
EndGlobal
